
Microsoft Visual Studio Solution File, Format Version 12.00
# Visual Studio Version 17
VisualStudioVersion = 17.3.32811.315
MinimumVisualStudioVersion = 10.0.40219.1
Project("{9A19103F-16F7-4668-BE54-9A1E7A4F7556}") = "MovieLibrary", "MovieLibrary\MovieLibrary.csproj", "{3E1BE1E1-4CCB-497B-86F8-54A880F01C5B}"
EndProject
Project("{9A19103F-16F7-4668-BE54-9A1E7A4F7556}") = "MovieLibraryEntities", "MovieLibraryEntities\MovieLibraryEntities.csproj", "{9A631D79-6E30-4936-9542-E2E7B4ABFC27}"
EndProject
Global
	GlobalSection(SolutionConfigurationPlatforms) = preSolution
		Debug|Any CPU = Debug|Any CPU
		Release|Any CPU = Release|Any CPU
	EndGlobalSection
	GlobalSection(ProjectConfigurationPlatforms) = postSolution
		{3E1BE1E1-4CCB-497B-86F8-54A880F01C5B}.Debug|Any CPU.ActiveCfg = Debug|Any CPU
		{3E1BE1E1-4CCB-497B-86F8-54A880F01C5B}.Debug|Any CPU.Build.0 = Debug|Any CPU
		{3E1BE1E1-4CCB-497B-86F8-54A880F01C5B}.Release|Any CPU.ActiveCfg = Release|Any CPU
		{3E1BE1E1-4CCB-497B-86F8-54A880F01C5B}.Release|Any CPU.Build.0 = Release|Any CPU
		{9A631D79-6E30-4936-9542-E2E7B4ABFC27}.Debug|Any CPU.ActiveCfg = Debug|Any CPU
		{9A631D79-6E30-4936-9542-E2E7B4ABFC27}.Debug|Any CPU.Build.0 = Debug|Any CPU
		{9A631D79-6E30-4936-9542-E2E7B4ABFC27}.Release|Any CPU.ActiveCfg = Release|Any CPU
		{9A631D79-6E30-4936-9542-E2E7B4ABFC27}.Release|Any CPU.Build.0 = Release|Any CPU
	EndGlobalSection
	GlobalSection(SolutionProperties) = preSolution
		HideSolutionNode = FALSE
	EndGlobalSection
	GlobalSection(ExtensibilityGlobals) = postSolution
		SolutionGuid = {D5B528E6-4ED8-4B72-BC02-AEFE176D0E44}
	EndGlobalSection
EndGlobal
